
Microsoft Visual Studio Solution File, Format Version 12.00
# Visual Studio Version 17
VisualStudioVersion = 17.14.37012.4 d17.14
MinimumVisualStudioVersion = 10.0.40219.1
Project("{FAE04EC0-301F-11D3-BF4B-00C04F79EFBC}") = "LR5", "LR5.csproj", "{BBF503C8-2E4A-417E-B014-9161F71B8B08}"
EndProject
Global
	GlobalSection(SolutionConfigurationPlatforms) = preSolution
		Debug|Any CPU = Debug|Any CPU
		Release|Any CPU = Release|Any CPU
	EndGlobalSection
	GlobalSection(ProjectConfigurationPlatforms) = postSolution
		{BBF503C8-2E4A-417E-B014-9161F71B8B08}.Debug|Any CPU.ActiveCfg = Debug|Any CPU
		{BBF503C8-2E4A-417E-B014-9161F71B8B08}.Debug|Any CPU.Build.0 = Debug|Any CPU
		{BBF503C8-2E4A-417E-B014-9161F71B8B08}.Release|Any CPU.ActiveCfg = Release|Any CPU
		{BBF503C8-2E4A-417E-B014-9161F71B8B08}.Release|Any CPU.Build.0 = Release|Any CPU
	EndGlobalSection
	GlobalSection(SolutionProperties) = preSolution
		HideSolutionNode = FALSE
	EndGlobalSection
	GlobalSection(ExtensibilityGlobals) = postSolution
		SolutionGuid = {FF017044-1D59-4DA9-824C-515FBB298AFB}
	EndGlobalSection
EndGlobal
